{
  "nodes": {
    "c3d2-user-module": {
      "inputs": {
        "nixos-modules": "nixos-modules",
        "nixpkgs": [
          "nixpkgs"
        ]
      },
      "locked": {
        "lastModified": 1704833854,
        "narHash": "sha256-8uoeDyAO9iRtCcOl8jeBBPj2PEDCWAgpWg/ag0RU8MY=",
        "ref": "refs/heads/master",
        "rev": "5e564b980405acaf7a7af14597b113fe99fecc6d",
        "revCount": 54,
        "type": "git",
        "url": "https://gitea.c3d2.de/C3D2/nix-user-module.git"
      },
      "original": {
        "type": "git",
        "url": "https://gitea.c3d2.de/C3D2/nix-user-module.git"
      }
    },
    "flake-utils": {
      "inputs": {
        "systems": "systems"
      },
      "locked": {
        "lastModified": 1701680307,
        "narHash": "sha256-kAuep2h5ajznlPMD9rnQyffWG8EM/C73lejGofXvdM8=",
        "owner": "numtide",
        "repo": "flake-utils",
        "rev": "4022d587cbbfd70fe950c1e2083a02621806a725",
        "type": "github"
      },
      "original": {
        "owner": "numtide",
        "repo": "flake-utils",
        "type": "github"
      }
    },
    "nix-index-database": {
      "inputs": {
        "nixpkgs": [
          "nixpkgs"
        ]
      },
      "locked": {
        "lastModified": 1705201750,
        "narHash": "sha256-0umjkDiAoXDsIhaFlIIhKFTX/q7sMhfzvhNuY6wFdZo=",
        "owner": "Mic92",
        "repo": "nix-index-database",
        "rev": "274a40dbf8be212697f3988471a4473987f8a886",
        "type": "github"
      },
      "original": {
        "owner": "Mic92",
        "repo": "nix-index-database",
        "type": "github"
      }
    },
    "nixos-modules": {
      "inputs": {
        "flake-utils": "flake-utils",
        "nixpkgs": [
          "c3d2-user-module",
          "nixpkgs"
        ]
      },
      "locked": {
        "lastModified": 1704737997,
        "narHash": "sha256-QqqMOWa7cy58kCAHAXJ/Z5oxRvz7XC5H8fjFs8oHYww=",
        "owner": "SuperSandro2000",
        "repo": "nixos-modules",
        "rev": "95edbb97c8b2dfdfdbebd57bf04e96720aa7e056",
        "type": "github"
      },
      "original": {
        "owner": "SuperSandro2000",
        "repo": "nixos-modules",
        "type": "github"
      }
    },
    "nixpkgs": {
      "locked": {
        "lastModified": 1705133751,
        "narHash": "sha256-rCIsyE80jgiOU78gCWN3A0wE0tR2GI5nH6MlS+HaaSQ=",
        "owner": "nixos",
        "repo": "nixpkgs",
        "rev": "9b19f5e77dd906cb52dade0b7bd280339d2a1f3d",
        "type": "github"
      },
      "original": {
        "owner": "nixos",
        "ref": "nixos-unstable",
        "repo": "nixpkgs",
        "type": "github"
      }
    },
    "nixpkgs-stable": {
      "locked": {
        "lastModified": 1705033721,
        "narHash": "sha256-K5eJHmL1/kev6WuqyqqbS1cdNnSidIZ3jeqJ7GbrYnQ=",
        "owner": "NixOS",
        "repo": "nixpkgs",
        "rev": "a1982c92d8980a0114372973cbdfe0a307f1bdea",
        "type": "github"
      },
      "original": {
        "owner": "NixOS",
        "ref": "release-23.05",
        "repo": "nixpkgs",
        "type": "github"
      }
    },
    "nixpkgs_2": {
      "locked": {
        "lastModified": 1704842529,
        "narHash": "sha256-OTeQA+F8d/Evad33JMfuXC89VMetQbsU4qcaePchGr4=",
        "owner": "NixOS",
        "repo": "nixpkgs",
        "rev": "eabe8d3eface69f5bb16c18f8662a702f50c20d5",
        "type": "github"
      },
      "original": {
        "owner": "NixOS",
        "ref": "nixpkgs-unstable",
        "repo": "nixpkgs",
        "type": "github"
      }
    },
    "root": {
      "inputs": {
        "c3d2-user-module": "c3d2-user-module",
        "nix-index-database": "nix-index-database",
        "nixpkgs": "nixpkgs",
        "sops-nix": "sops-nix"
      }
    },
    "sops-nix": {
      "inputs": {
        "nixpkgs": "nixpkgs_2",
        "nixpkgs-stable": "nixpkgs-stable"
      },
      "locked": {
        "lastModified": 1705201153,
        "narHash": "sha256-y0/a4IMDZrc7lAkR7Gcm5R3W2iCBiARHnYZe6vkmiNE=",
        "owner": "Mic92",
        "repo": "sops-nix",
        "rev": "70dd0d521f7849338e487a219c1a07c429a66d77",
        "type": "github"
      },
      "original": {
        "id": "sops-nix",
        "type": "indirect"
      }
    },
    "systems": {
      "locked": {
        "lastModified": 1681028828,
        "narHash": "sha256-Vy1rq5AaRuLzOxct8nz4T6wlgyUR7zLU309k9mBC768=",
        "owner": "nix-systems",
        "repo": "default",
        "rev": "da67096a3b9bf56a91d16901293e51ba5b49a27e",
        "type": "github"
      },
      "original": {
        "owner": "nix-systems",
        "repo": "default",
        "type": "github"
      }
    }
  },
  "root": "root",
  "version": 7
}
