{
  "nodes": {
    "c3d2-user-module": {
      "inputs": {
        "nixos-modules": "nixos-modules",
        "nixpkgs-lib": [
          "nixpkgs"
        ]
      },
      "locked": {
        "lastModified": 1693748268,
        "narHash": "sha256-nXxc0ONYX1ng9LwUWpEzi1nwJg4lpr4+hRzSCzYmUIY=",
        "ref": "refs/heads/master",
        "rev": "c0d7c10534ef42e03e4aae9b5bcfe160e1eb275c",
        "revCount": 38,
        "type": "git",
        "url": "https://gitea.c3d2.de/C3D2/nix-user-module.git"
      },
      "original": {
        "type": "git",
        "url": "https://gitea.c3d2.de/C3D2/nix-user-module.git"
      }
    },
    "nix-index-database": {
      "inputs": {
        "nixpkgs": [
          "nixpkgs"
        ]
      },
      "locked": {
        "lastModified": 1697340827,
        "narHash": "sha256-XlrR68N7jyaZ0bs8TPrhqcWG0IPG3pbjrKzJMpYOsos=",
        "owner": "Mic92",
        "repo": "nix-index-database",
        "rev": "29977d0796c058bbcfb2df5b18eb5badf1711007",
        "type": "github"
      },
      "original": {
        "owner": "Mic92",
        "repo": "nix-index-database",
        "type": "github"
      }
    },
    "nixos-modules": {
      "inputs": {
        "nixpkgs-lib": [
          "c3d2-user-module",
          "nixpkgs-lib"
        ]
      },
      "locked": {
        "lastModified": 1683241081,
        "narHash": "sha256-eTz73pjTKEgzFfG6V7oA2LK1Wfv2ZFoSe7vUNphrPAc=",
        "owner": "SuperSandro2000",
        "repo": "nixos-modules",
        "rev": "d06e5fde7fdc1847322e9b30f83a32c380eb2f20",
        "type": "github"
      },
      "original": {
        "owner": "SuperSandro2000",
        "repo": "nixos-modules",
        "type": "github"
      }
    },
    "nixpkgs": {
      "locked": {
        "lastModified": 1697456312,
        "narHash": "sha256-roiSnrqb5r+ehnKCauPLugoU8S36KgmWraHgRqVYndo=",
        "owner": "nixos",
        "repo": "nixpkgs",
        "rev": "ca012a02bf8327be9e488546faecae5e05d7d749",
        "type": "github"
      },
      "original": {
        "owner": "nixos",
        "ref": "nixos-unstable",
        "repo": "nixpkgs",
        "type": "github"
      }
    },
    "root": {
      "inputs": {
        "c3d2-user-module": "c3d2-user-module",
        "nix-index-database": "nix-index-database",
        "nixpkgs": "nixpkgs"
      }
    }
  },
  "root": "root",
  "version": 7
}
