{
  "nodes": {
    "c3d2-user-module": {
      "inputs": {
        "nixos-modules": "nixos-modules",
        "nixpkgs-lib": [
          "nixpkgs"
        ]
      },
      "locked": {
        "lastModified": 1702829921,
        "narHash": "sha256-qCDxNCBsYBbEJm5P8Hw9Irf0f5oojnI9nciz4xxcp8c=",
        "ref": "refs/heads/master",
        "rev": "3236ad71ac63238773f41b4d7e87134cabcd61bd",
        "revCount": 47,
        "type": "git",
        "url": "https://gitea.c3d2.de/C3D2/nix-user-module.git"
      },
      "original": {
        "type": "git",
        "url": "https://gitea.c3d2.de/C3D2/nix-user-module.git"
      }
    },
    "nix-index-database": {
      "inputs": {
        "nixpkgs": [
          "nixpkgs"
        ]
      },
      "locked": {
        "lastModified": 1702864432,
        "narHash": "sha256-xR5Igg2hnm979W3YgMDrSjErHFhHo4rbMboF6DC0mbc=",
        "owner": "Mic92",
        "repo": "nix-index-database",
        "rev": "4605ccd764fac78b9e4b5b058698cb9f04430b91",
        "type": "github"
      },
      "original": {
        "owner": "Mic92",
        "repo": "nix-index-database",
        "type": "github"
      }
    },
    "nixos-modules": {
      "inputs": {
        "nixpkgs-lib": [
          "c3d2-user-module",
          "nixpkgs-lib"
        ]
      },
      "locked": {
        "lastModified": 1702166165,
        "narHash": "sha256-WZpoMmptuE0HVHmXiejAfm+GK11MAHRM9stmME274cQ=",
        "owner": "SuperSandro2000",
        "repo": "nixos-modules",
        "rev": "28865ab38ccea31881114e4b949e98705ccf5cfd",
        "type": "github"
      },
      "original": {
        "owner": "SuperSandro2000",
        "repo": "nixos-modules",
        "type": "github"
      }
    },
    "nixpkgs": {
      "locked": {
        "lastModified": 1702830618,
        "narHash": "sha256-lvhwIvRwhOLgzbRuYkqHy4M5cQHYs4ktL6/hyuBS6II=",
        "owner": "nixos",
        "repo": "nixpkgs",
        "rev": "91a00709aebb3602f172a0bf47ba1ef013e34835",
        "type": "github"
      },
      "original": {
        "owner": "nixos",
        "ref": "nixos-unstable",
        "repo": "nixpkgs",
        "type": "github"
      }
    },
    "root": {
      "inputs": {
        "c3d2-user-module": "c3d2-user-module",
        "nix-index-database": "nix-index-database",
        "nixpkgs": "nixpkgs"
      }
    }
  },
  "root": "root",
  "version": 7
}
